
Microsoft Visual Studio Solution File, Format Version 12.00
# Visual Studio 15
VisualStudioVersion = 15.0.26228.9
Project("{FAE04EC0-301F-11D3-BF4B-00C04F79EFBC}") = "AnnotationDemo", "AnnotationDemo\AnnotationDemo.VS2017.csproj", "{A9818692-9D6C-4C29-A072-1BD1DBFA9F23}"
EndProject
Project("{FAE04EC0-301F-11D3-BF4B-00C04F79EFBC}") = "ImagingDemosCommonCode", "ImagingDemosCommonCode\ImagingDemosCommonCode.VS2017.csproj", "{4DCED466-C905-434A-80BD-7F941E28E3B0}"
EndProject
Project("{FAE04EC0-301F-11D3-BF4B-00C04F79EFBC}") = "PdfDemosCommonCode", "PdfDemosCommonCode\PdfDemosCommonCode.VS2017.csproj", "{BE3E5057-D7D6-4F8F-A625-CB2B65FE3480}"
EndProject
Global
	GlobalSection(SolutionConfigurationPlatforms) = preSolution
		Debug|Any CPU = Debug|Any CPU
		Debug|x64 = Debug|x64
		Debug|x86 = Debug|x86
		Release|Any CPU = Release|Any CPU
		Release|x64 = Release|x64
		Release|x86 = Release|x86
	EndGlobalSection
	GlobalSection(ProjectConfigurationPlatforms) = postSolution
		{A9818692-9D6C-4C29-A072-1BD1DBFA9F23}.Debug|Any CPU.ActiveCfg = Debug|Any CPU
		{A9818692-9D6C-4C29-A072-1BD1DBFA9F23}.Debug|Any CPU.Build.0 = Debug|Any CPU
		{A9818692-9D6C-4C29-A072-1BD1DBFA9F23}.Debug|x64.ActiveCfg = Debug|x64
		{A9818692-9D6C-4C29-A072-1BD1DBFA9F23}.Debug|x64.Build.0 = Debug|x64
		{A9818692-9D6C-4C29-A072-1BD1DBFA9F23}.Debug|x86.ActiveCfg = Debug|x86
		{A9818692-9D6C-4C29-A072-1BD1DBFA9F23}.Debug|x86.Build.0 = Debug|x86
		{A9818692-9D6C-4C29-A072-1BD1DBFA9F23}.Release|Any CPU.ActiveCfg = Release|Any CPU
		{A9818692-9D6C-4C29-A072-1BD1DBFA9F23}.Release|Any CPU.Build.0 = Release|Any CPU
		{A9818692-9D6C-4C29-A072-1BD1DBFA9F23}.Release|x64.ActiveCfg = Release|x64
		{A9818692-9D6C-4C29-A072-1BD1DBFA9F23}.Release|x64.Build.0 = Release|x64
		{A9818692-9D6C-4C29-A072-1BD1DBFA9F23}.Release|x86.ActiveCfg = Release|x86
		{A9818692-9D6C-4C29-A072-1BD1DBFA9F23}.Release|x86.Build.0 = Release|x86
		{4DCED466-C905-434A-80BD-7F941E28E3B0}.Debug|Any CPU.ActiveCfg = Debug|Any CPU
		{4DCED466-C905-434A-80BD-7F941E28E3B0}.Debug|Any CPU.Build.0 = Debug|Any CPU
		{4DCED466-C905-434A-80BD-7F941E28E3B0}.Debug|x64.ActiveCfg = Debug|x64
		{4DCED466-C905-434A-80BD-7F941E28E3B0}.Debug|x64.Build.0 = Debug|x64
		{4DCED466-C905-434A-80BD-7F941E28E3B0}.Debug|x86.ActiveCfg = Debug|x86
		{4DCED466-C905-434A-80BD-7F941E28E3B0}.Debug|x86.Build.0 = Debug|x86
		{4DCED466-C905-434A-80BD-7F941E28E3B0}.Release|Any CPU.ActiveCfg = Release|Any CPU
		{4DCED466-C905-434A-80BD-7F941E28E3B0}.Release|Any CPU.Build.0 = Release|Any CPU
		{4DCED466-C905-434A-80BD-7F941E28E3B0}.Release|x64.ActiveCfg = Release|x64
		{4DCED466-C905-434A-80BD-7F941E28E3B0}.Release|x64.Build.0 = Release|x64
		{4DCED466-C905-434A-80BD-7F941E28E3B0}.Release|x86.ActiveCfg = Release|x86
		{4DCED466-C905-434A-80BD-7F941E28E3B0}.Release|x86.Build.0 = Release|x86
		{BE3E5057-D7D6-4F8F-A625-CB2B65FE3480}.Debug|Any CPU.ActiveCfg = Debug|Any CPU
		{BE3E5057-D7D6-4F8F-A625-CB2B65FE3480}.Debug|Any CPU.Build.0 = Debug|Any CPU
		{BE3E5057-D7D6-4F8F-A625-CB2B65FE3480}.Debug|x64.ActiveCfg = Debug|x64
		{BE3E5057-D7D6-4F8F-A625-CB2B65FE3480}.Debug|x64.Build.0 = Debug|x64
		{BE3E5057-D7D6-4F8F-A625-CB2B65FE3480}.Debug|x86.ActiveCfg = Debug|x86
		{BE3E5057-D7D6-4F8F-A625-CB2B65FE3480}.Debug|x86.Build.0 = Debug|x86
		{BE3E5057-D7D6-4F8F-A625-CB2B65FE3480}.Release|Any CPU.ActiveCfg = Release|Any CPU
		{BE3E5057-D7D6-4F8F-A625-CB2B65FE3480}.Release|Any CPU.Build.0 = Release|Any CPU
		{BE3E5057-D7D6-4F8F-A625-CB2B65FE3480}.Release|x64.ActiveCfg = Release|x64
		{BE3E5057-D7D6-4F8F-A625-CB2B65FE3480}.Release|x64.Build.0 = Release|x64
		{BE3E5057-D7D6-4F8F-A625-CB2B65FE3480}.Release|x86.ActiveCfg = Release|x86
		{BE3E5057-D7D6-4F8F-A625-CB2B65FE3480}.Release|x86.Build.0 = Release|x86
	EndGlobalSection
	GlobalSection(SolutionProperties) = preSolution
		HideSolutionNode = FALSE
	EndGlobalSection
EndGlobal
